version = 1
revision = 3
requires-python = ">=3.12"

[[package]]
name = "astroid"
version = "4.3.4"
source = { registry = "https://pypi.org/simple" }
sdist = { url = "https://files.pythonhosted.org/packages/2d/87/5732fa68bf100a095cfcbd108f919220d995db99e1a7502b8119a869fd62/astroid-4.3.4.tar.gz", hash = "sha256:d515a105722b72098bbe82d430d65e635f742b6cbac3bdfaf8b7c188b87c5e39", size = 444627, upload-time = "2026-10-08T09:36:44.122Z" }
wheels = [
    { url = "https://files.pythonhosted.org/packages/16/d4/f23c0ac6e6de33ba5686cb21c672c95e0c2d3d4c9351f16d3b5fed818652/astroid-4.3.4-py3-none-any.whl", hash = "sha256:2bcd0d02648a443a4b818c952c3550091989daefac3c12d3b83b2289482e0818", size = 288310, upload-time = "2026-10-08T09:36:42.284Z" },
]

[[package]]
name = "colorama"
version = "0.4.6"
source = { registry = "https://pypi.org/simple" }
sdist = { url = "https://files.pythonhosted.org/packages/d8/53/6f443c9a4a8358a93a6792e2acffb9d9d5cb0a5cfd8802644b7b1c9a02e4/colorama-0.4.6.tar.gz", hash = "sha256:08695f5cb7ed6e0531a20572697297273c47b8cae5a63ffc6d6ed5c201be6e44", size = 27697, upload-time = "2022-10-25T02:36:22.414Z" }
wheels = [
    { url = "https://files.pythonhosted.org/packages/d1/d6/3965ed04c63042e047cb6a3e6ed1a63a35087b6a609aa3a15ed8ac56c221/colorama-0.4.6-py2.py3-none-any.whl", hash = "sha256:4f1d9991f5acc0ca119f9d443620b77f9d6b33703e51011c16baf57afb285fc6", size = 25335, upload-time = "2022-10-25T02:36:20.889Z" },
]

[[package]]
name = "dill"
version = "0.4.1"
source = { registry = "https://pypi.org/simple" }
sdist = { url = "https://files.pythonhosted.org/packages/81/e1/56027a71e31b02ddc53c7d65b01e68edf64dea2932122fe7746a516f75d5/dill-0.4.1.tar.gz", hash = "sha256:423092df4182177d4d8ba8290c8a5b640c66ab35ec7da59ccfa00f6fa3eea5fa", size = 187315, upload-time = "2026-01-19T02:36:56.85Z" }
wheels = [
    { url = "https://files.pythonhosted.org/packages/1e/77/dc8c558f7593132cf8fefec57c4f60c83b16941c574ac5f619abb3ae7933/dill-0.4.1-py3-none-any.whl", hash = "sha256:1e1ce33e978ae97fcfcff5638477032b801c46c7c65cf717f95fbc2248f79a9d", size = 120019, upload-time = "2026-01-19T02:36:55.663Z" },
]

[[package]]
name = "homelab-operators"
version = "0.1.0"
source = { virtual = "." }

[package.dev-dependencies]
dev = [
    { name = "pylint" },
    { name = "pyyaml" },
    { name = "ty" },
    { name = "yapf" },
]

[package.metadata]

[package.metadata.requires-dev]
dev = [
    { name = "pylint", specifier = "==4.1.2" },
    { name = "pyyaml", specifier = ">=6,<7" },
    { name = "ty" },
    { name = "yapf", specifier = "==0.43.0" },
]

[[package]]
name = "isort"
version = "9.0.2"
source = { registry = "https://pypi.org/simple" }
dependencies = [
    { name = "mypy-extensions" },
]
sdist = { url = "https://files.pythonhosted.org/packages/da/cf/068066b8fdab91cd40bcd63e483137908710a3d25a4d3a01b538be45d9d6/isort-9.0.2.tar.gz", hash = "sha256:d2298980ce44350f11d9d24c8150eaef1883431ec203dddbb4e9b5c3ceb54c70", size = 685196, upload-time = "2026-09-28T19:21:58.07Z" }
wheels = [
    { url = "https://files.pythonhosted.org/packages/41/c3/3cd3e0f66af21e1bf917f50b45d3389de3d9a25661f2e7f74e51c7fb37a8/isort-9.0.2-cp312-cp312-macosx_11_0_arm64.whl", hash = "sha256:a05dc63cb6ae2a8e62ec4184153f424b1650593e00a24e6138184c46193891e9", size = 1062138, upload-time = "2026-09-28T19:21:11.782Z" },
    { url = "https://files.pythonhosted.org/packages/ab/36/512c41f0d9f4c2a61d56d383db21d42a9b82b4f768827f7e852139d14123/isort-9.0.2-cp312-cp312-manylinux2014_x86_64.manylinux_2_17_x86_64.manylinux_2_28_x86_64.whl", hash = "sha256:af8be0b5cac101202c8255360e5de832ebbb84b2e863dc0f65dbb1a3d63dd40a", size = 1680120, upload-time = "2026-09-28T19:21:13.474Z" },
    { url = "https://files.pythonhosted.org/packages/84/6f/44fa0de7eb71d576d08d0ad3a1d5d401d6cc0c4f908d76159c52b690e6de/isort-9.0.2-cp312-cp312-musllinux_1_2_x86_64.whl", hash = "sha256:3fe693c1e56781de387a6c206306e9e5e560cfeb4acdfd85f0c46122afd48792", size = 1669955, upload-time = "2026-09-28T19:21:15.095Z" },
    { url = "https://files.pythonhosted.org/packages/b1/cc/89e9a499612665321a1f05e3bb1f4ff6f99e170568cff5c0162bd5d82ae6/isort-9.0.2-cp312-cp312-win_amd64.whl", hash = "sha256:f7a9efeb3689c7327a0d637eb4e12691e8d5ab1297caee997b144dc595ccb93f", size = 880360, upload-time = "2026-09-28T19:21:16.534Z" },
    { url = "https://files.pythonhosted.org/packages/99/44/b51a78a2aee3bc14b91d5f071aea2fe35d9acde5f65f0ac5cb77800616a3/isort-9.0.2-cp313-cp313-macosx_11_0_arm64.whl", hash = "sha256:f65ff614632ddc3306c40f619717b3b3ca69938ffee21d97110056d52472c79a", size = 1038192, upload-time = "2026-09-28T19:21:18.25Z" },
    { url = "https://files.pythonhosted.org/packages/28/54/0ac6f7cf254c29bde0832dc655b0327d84752c4511f9f56fbd0778251542/isort-9.0.2-cp313-cp313-manylinux2014_x86_64.manylinux_2_17_x86_64.manylinux_2_28_x86_64.whl", hash = "sha256:e5f11c7ccd5f079ac0431fe52c7b38ea5d9f4e31a1889746de81dac0e7b0a766", size = 1670286, upload-time = "2026-09-28T19:21:19.895Z" },
    { url = "https://files.pythonhosted.org/packages/65/0c/22a3f073415110f95a9fcfd9aaee72144545c66e5fd99a3ed15c8634e8f1/isort-9.0.2-cp313-cp313-musllinux_1_2_x86_64.whl", hash = "sha256:810561edf6f1f5f3600f02aa709603a4360d5290c5fff2ae4b370090dd1a5445", size = 1660662, upload-time = "2026-09-28T19:21:21.599Z" },
    { url = "https://files.pythonhosted.org/packages/5f/da/c357996945d7fcd653281e2b53cf5f16ec7c540d86bac045581ecff5ed63/isort-9.0.2-cp313-cp313-pyemscripten_2025_0_wasm32.whl", hash = "sha256:e2636222848a48cadbd712280058b5da19fa147c501132e04a486a5bddcc9e28", size = 465149, upload-time = "2026-09-28T19:21:23.392Z" },
    { url = "https://files.pythonhosted.org/packages/99/fc/3f477cb8ac91b116773bd0682d072c0bcf2bcf5d77ee288c1e46a95b0c8a/isort-9.0.2-cp313-cp313-win_amd64.whl", hash = "sha256:71870ac3b1afdf3c259b8404c05076d3ab874122fec6f78339f1c92d2c29b012", size = 884875, upload-time = "2026-09-28T19:21:25.403Z" },
    { url = "https://files.pythonhosted.org/packages/53/25/b0dae3025157f020d9010bc126120e703b50ed74ebfb5ca56be81e064d0c/isort-9.0.2-cp314-cp314-macosx_11_0_arm64.whl", hash = "sha256:bd8c4fb9829a5e7117d9f71f540ff1e8caafb471e574012057ce6dc35fda2d7b", size = 1039110, upload-time = "2026-09-28T19:21:27.024Z" },
    { url = "https://files.pythonhosted.org/packages/7e/da/f97a4905cf8212c31d584f0222ae8b1deed391e42db910e8e908eb89002e/isort-9.0.2-cp314-cp314-manylinux2014_x86_64.manylinux_2_17_x86_64.manylinux_2_28_x86_64.whl", hash = "sha256:6eb3e714d64de6eba78ee29051f7fc80613c74e90c6f54f84082f59c429c0a0b", size = 1674555, upload-time = "2026-09-28T19:21:28.645Z" },
    { url = "https://files.pythonhosted.org/packages/90/f4/df11f0de3a2796ef1a74071d1331158b67961770c8066850d60f362ba7cc/isort-9.0.2-cp314-cp314-musllinux_1_2_x86_64.whl", hash = "sha256:bf3ef0a91974f29f406e25eef0e04781fd5c2254b8ab55e7655b20d8cd7c5514", size = 1666034, upload-time = "2026-09-28T19:21:30.35Z" },
    { url = "https://files.pythonhosted.org/packages/15/f0/0007f037135659de11f6ef29563b75c8080eeb51d67f37e82128d66613dc/isort-9.0.2-cp314-cp314-pyemscripten_2026_0_wasm32.whl", hash = "sha256:cd1e0e5e61497e95a4e5be269088e6a1013f530aeccf6ebd6134f403285ecd63", size = 464424, upload-time = "2026-09-28T19:21:31.98Z" },
    { url = "https://files.pythonhosted.org/packages/ae/5c/f64d0cc97abbdf6f7902b0e38171e5101842ba75ac22212fd6d254156bb3/isort-9.0.2-cp314-cp314-win_amd64.whl", hash = "sha256:11da67a30f5a88383c71db075488ca3d081f427f53368f90bb1d74e958a9b040", size = 903922, upload-time = "2026-09-28T19:21:33.412Z" },
    { url = "https://files.pythonhosted.org/packages/14/8a/c0bdd165c6cfcb7c87b3acdee5ebc03e10da5317482017084cdf92a2a076/isort-9.0.2-cp314-cp314t-macosx_11_0_arm64.whl", hash = "sha256:f7c2fa33e1c9fbcf9fd639997e4550515c0b712b52ed70a059124a5247825480", size = 1106274, upload-time = "2026-09-28T19:21:35.13Z" },
    { url = "https://files.pythonhosted.org/packages/b9/ec/4ab29f699d58baa7c00840bc66328ce8f06be31cd36250aef8d4f71bd24e/isort-9.0.2-cp314-cp314t-manylinux2014_x86_64.manylinux_2_17_x86_64.manylinux_2_28_x86_64.whl", hash = "sha256:85e859fd72e50c27306d05185f9472ed97fae9e1cce91c0e891260d16f2ecece", size = 1887727, upload-time = "2026-09-28T19:21:37.015Z" },
    { url = "https://files.pythonhosted.org/packages/bc/ec/12f58041288e08c35dc9a719108482c2c599b157ce0913454d57d32c7b5c/isort-9.0.2-cp314-cp314t-musllinux_1_2_x86_64.whl", hash = "sha256:2a960e4252ac5b00f78adc0f731529e122657ee642e650896b36e1ff83028023", size = 1905479, upload-time = "2026-09-28T19:21:38.789Z" },
    { url = "https://files.pythonhosted.org/packages/56/ea/69fd476d07e5dddea5b41d6b3adfad4d2f5d251362f2fb594f2cfd0f5308/isort-9.0.2-cp314-cp314t-win_amd64.whl", hash = "sha256:91b60ce3d96fcb0730d61fc5ab84ee5b56d676fbb92550f7ea333f58778f2f20", size = 928154, upload-time = "2026-09-28T19:21:40.745Z" },
    { url = "https://files.pythonhosted.org/packages/93/93/ed3f1894ec261381abbdc22a3216fa86ad8fb2ec5f5d1f414f1d56c94ffe/isort-9.0.2-cp315-cp315-macosx_11_0_arm64.whl", hash = "sha256:aa810daf72ff5d8ade462b2190dad9c0e16d6d428a3f9aea210f14cca2487d58", size = 1038495, upload-time = "2026-09-28T19:21:42.41Z" },
    { url = "https://files.pythonhosted.org/packages/2c/fd/4a911a73beb68a746a2f827a842f71030c3118a056585400023e37b5c8ec/isort-9.0.2-cp315-cp315-manylinux2014_x86_64.manylinux_2_17_x86_64.manylinux_2_28_x86_64.whl", hash = "sha256:8dde4e2d9cfb35390437353f0861ec41378f91ff958d8cd3051fb95cae59315a", size = 1686028, upload-time = "2026-09-28T19:21:44.107Z" },
    { url = "https://files.pythonhosted.org/packages/7e/3e/6fb9ab0f5a89e174d45ae2809970fcb908f2b261e1b77993101e52a20869/isort-9.0.2-cp315-cp315-musllinux_1_2_x86_64.whl", hash = "sha256:4315e23e701bb1fcdfd364da59da61d78c3332c554318b7eb635ea3924d24c5e", size = 1675313, upload-time = "2026-09-28T19:21:45.6Z" },
    { url = "https://files.pythonhosted.org/packages/74/a2/e73c430847408ae900bf0fb7627daa87e939c80c2f0713fb9a163ec48663/isort-9.0.2-cp315-cp315-pyemscripten_2026_5_wasm32.whl", hash = "sha256:1c134ef9d94943eae14bf31c634db1904dd875e6e7280a60baee10ca06132db6", size = 464361, upload-time = "2026-09-28T19:21:47.142Z" },
    { url = "https://files.pythonhosted.org/packages/08/29/236939344dc87499299f36469527fc01a516a51abcf0d82ba5b7644f5966/isort-9.0.2-cp315-cp315-win_amd64.whl", hash = "sha256:d4da51a99dfd00e5c51e507ed91ebad6aafd44dc65135c17e2ef37355cd9fa98", size = 904023, upload-time = "2026-09-28T19:21:48.583Z" },
    { url = "https://files.pythonhosted.org/packages/ff/ec/14dfd5e8e20a1500043d50053d899527c742dcebeaba2fb2633abfad2ec1/isort-9.0.2-cp315-cp315t-macosx_11_0_arm64.whl", hash = "sha256:16436aefeebe3aa2d5d7ae1ca895b2278f770fc4a41d95c22569a30f7413ec45", size = 1105456, upload-time = "2026-09-28T19:21:50.162Z" },
    { url = "https://files.pythonhosted.org/packages/5a/f7/c0e4d16a17f742b459397be8570af4edce4173e91d64ccf16c1ecd7826d8/isort-9.0.2-cp315-cp315t-manylinux2014_x86_64.manylinux_2_17_x86_64.manylinux_2_28_x86_64.whl", hash = "sha256:a36f30b6b85d9726f79c7623d35f3e966d5d7d9d0a005af91ba19988fccd038b", size = 1874501, upload-time = "2026-09-28T19:21:51.786Z" },
    { url = "https://files.pythonhosted.org/packages/c3/98/226855cb96275e7df63167ed8fae3b65e0c94e38c9d63a6a80458da919b1/isort-9.0.2-cp315-cp315t-musllinux_1_2_x86_64.whl", hash = "sha256:d03c68e9d0a83b51ed381d04b0919f2d918fb66c1ca1766761157ff44149366f", size = 1890469, upload-time = "2026-09-28T19:21:53.42Z" },
    { url = "https://files.pythonhosted.org/packages/bb/e5/3a1c4748483a05533a065b49dcf64039a68162e84175e08d1d70db7e7413/isort-9.0.2-cp315-cp315t-win_amd64.whl", hash = "sha256:29669ea6c410528ffe3b632a41835757f08282257e4ddac892a5e6d01bd35201", size = 927256, upload-time = "2026-09-28T19:21:55.063Z" },
    { url = "https://files.pythonhosted.org/packages/8b/c9/0849e74b868ef10312eecfc24278710e97dd14bc49c1df629d7df142d318/isort-9.0.2-py3-none-any.whl", hash = "sha256:6c29deeb39698a8717823b7f75b2ac58c5e8ab8dcf6cf31205a72a6617fb454e", size = 105052, upload-time = "2026-09-28T19:21:56.512Z" },
]

[[package]]
name = "mccabe"
version = "0.7.0"
source = { registry = "https://pypi.org/simple" }
sdist = { url = "https://files.pythonhosted.org/packages/e7/ff/0ffefdcac38932a54d2b5eed4e0ba8a408f215002cd178ad1df0f2806ff8/mccabe-0.7.0.tar.gz", hash = "sha256:348e0240c33b60bbdf4e523192ef919f28cb2c3d7d5c7794f74009290f236325", size = 9658, upload-time = "2022-01-24T01:14:51.113Z" }
wheels = [
    { url = "https://files.pythonhosted.org/packages/27/1a/1f68f9ba0c207934b35b86a8ca3aad8395a3d6dd7921c0686e23853ff5a9/mccabe-0.7.0-py2.py3-none-any.whl", hash = "sha256:6c2d30ab6be0e4a46919781807b4f0d834ebdd6c6e3dca0bda5a15f863427b6e", size = 7350, upload-time = "2022-01-24T01:14:49.62Z" },
]

[[package]]
name = "mypy-extensions"
version = "1.1.0"
source = { registry = "https://pypi.org/simple" }
sdist = { url = "https://files.pythonhosted.org/packages/a2/6e/371856a3fb9d31ca8dac321cda606860fa4548858c0cc45d9d1d4ca2628b/mypy_extensions-1.1.0.tar.gz", hash = "sha256:52e68efc3284861e772bbcd66823fde5ae21fd2fdb51c62a211403730b916558", size = 6343, upload-time = "2025-04-22T14:54:24.164Z" }
wheels = [
    { url = "https://files.pythonhosted.org/packages/79/7b/2c79738432f5c924bef5071f933bcc9efd0473bac3b4aa584a6f7c1c8df8/mypy_extensions-1.1.0-py3-none-any.whl", hash = "sha256:1be4cccdb0f2482337c4743e60421de3a356cd97508abadd57d47403e94f5505", size = 4963, upload-time = "2025-04-22T14:54:22.983Z" },
]

[[package]]
name = "platformdirs"
version = "4.12.4"
source = { registry = "https://pypi.org/simple" }
sdist = { url = "https://files.pythonhosted.org/packages/90/a1/d5f9002a70298c64a789779077d8dd90c10aa1f47fe40c86802df874f2a6/platformdirs-4.12.4.tar.gz", hash = "sha256:63743c02414e755de4e31b8f68125c1407495b86c5a006e203c01ff8b9924250", size = 60010, upload-time = "2026-10-07T23:30:32.426Z" }
wheels = [
    { url = "https://files.pythonhosted.org/packages/f4/ba/223e00b885e960edd5d4b4d178c88acce019bd5b83786093681b8c393492/platformdirs-4.12.4-py3-none-any.whl", hash = "sha256:78bfb9db2a8471ed7eebe3c3c932da413911042994e699b384fbb4493fa872d7", size = 32596, upload-time = "2026-10-07T23:30:30.825Z" },
]

[[package]]
name = "pylint"
version = "4.1.2"
source = { registry = "https://pypi.org/simple" }
dependencies = [
    { name = "astroid" },
    { name = "colorama", marker = "sys_platform == 'win32'" },
    { name = "dill" },
    { name = "isort" },
    { name = "mccabe" },
    { name = "platformdirs" },
    { name = "tomlkit" },
]
sdist = { url = "https://files.pythonhosted.org/packages/19/3c/be4bb2d62e3d1bee3f3aa14af5b294813ad53351cacb3b03fbaf3f851e03/pylint-4.1.2.tar.gz", hash = "sha256:235f13dc418c0041c649b42a5c35c99f2ffc6ca8b6a7574958eac5335906a68a", size = 1739885, upload-time = "2026-10-02T22:49:42.64Z" }
wheels = [
    { url = "https://files.pythonhosted.org/packages/90/61/b76698429225f848921f4d620f5c7b16f616daf53f99cc25afd1c86496fc/pylint-4.1.2-py3-none-any.whl", hash = "sha256:e34c8636edc7d60a2eaadca4ad6c18a49e202361987a26e81b2a17fa92be28e1", size = 585512, upload-time = "2026-10-02T22:49:40.451Z" },
]

[[package]]
name = "pyyaml"
version = "6.0.3"
source = { registry = "https://pypi.org/simple" }
sdist = { url = "https://files.pythonhosted.org/packages/05/8e/961c0007c59b8dd7729d542c61a4d537767a59645b82a0b521206e1e25c2/pyyaml-6.0.3.tar.gz", hash = "sha256:d76623373421df22fb4cf8817020cbb7ef15c725b9d5e45f17e189bfc384190f", size = 130960, upload-time = "2025-09-25T21:33:16.546Z" }
wheels = [
    { url = "https://files.pythonhosted.org/packages/d1/33/422b98d2195232ca1826284a76852ad5a86fe23e31b009c9886b2d0fb8b2/pyyaml-6.0.3-cp312-cp312-macosx_10_13_x86_64.whl", hash = "sha256:7f047e29dcae44602496db43be01ad42fc6f1cc0d8cd6c83d342306c32270196", size = 182063, upload-time = "2025-09-25T21:32:11.445Z" },
    { url = "https://files.pythonhosted.org/packages/89/a0/6cf41a19a1f2f3feab0e9c0b74134aa2ce6849093d5517a0c550fe37a648/pyyaml-6.0.3-cp312-cp312-macosx_11_0_arm64.whl", hash = "sha256:fc09d0aa354569bc501d4e787133afc08552722d3ab34836a80547331bb5d4a0", size = 173973, upload-time = "2025-09-25T21:32:12.492Z" },
    { url = "https://files.pythonhosted.org/packages/ed/23/7a778b6bd0b9a8039df8b1b1d80e2e2ad78aa04171592c8a5c43a56a6af4/pyyaml-6.0.3-cp312-cp312-manylinux2014_aarch64.manylinux_2_17_aarch64.manylinux_2_28_aarch64.whl", hash = "sha256:9149cad251584d5fb4981be1ecde53a1ca46c891a79788c0df828d2f166bda28", size = 775116, upload-time = "2025-09-25T21:32:13.652Z" },
    { url = "https://files.pythonhosted.org/packages/65/30/d7353c338e12baef4ecc1b09e877c1970bd3382789c159b4f89d6a70dc09/pyyaml-6.0.3-cp312-cp312-manylinux2014_s390x.manylinux_2_17_s390x.manylinux_2_28_s390x.whl", hash = "sha256:5fdec68f91a0c6739b380c83b951e2c72ac0197ace422360e6d5a959d8d97b2c", size = 844011, upload-time = "2025-09-25T21:32:15.21Z" },
    { url = "https://files.pythonhosted.org/packages/8b/9d/b3589d3877982d4f2329302ef98a8026e7f4443c765c46cfecc8858c6b4b/pyyaml-6.0.3-cp312-cp312-manylinux2014_x86_64.manylinux_2_17_x86_64.manylinux_2_28_x86_64.whl", hash = "sha256:ba1cc08a7ccde2d2ec775841541641e4548226580ab850948cbfda66a1befcdc", size = 807870, upload-time = "2025-09-25T21:32:16.431Z" },
    { url = "https://files.pythonhosted.org/packages/05/c0/b3be26a015601b822b97d9149ff8cb5ead58c66f981e04fedf4e762f4bd4/pyyaml-6.0.3-cp312-cp312-musllinux_1_2_aarch64.whl", hash = "sha256:8dc52c23056b9ddd46818a57b78404882310fb473d63f17b07d5c40421e47f8e", size = 761089, upload-time = "2025-09-25T21:32:17.56Z" },
    { url = "https://files.pythonhosted.org/packages/be/8e/98435a21d1d4b46590d5459a22d88128103f8da4c2d4cb8f14f2a96504e1/pyyaml-6.0.3-cp312-cp312-musllinux_1_2_x86_64.whl", hash = "sha256:41715c910c881bc081f1e8872880d3c650acf13dfa8214bad49ed4cede7c34ea", size = 790181, upload-time = "2025-09-25T21:32:18.834Z" },
    { url = "https://files.pythonhosted.org/packages/74/93/7baea19427dcfbe1e5a372d81473250b379f04b1bd3c4c5ff825e2327202/pyyaml-6.0.3-cp312-cp312-win32.whl", hash = "sha256:96b533f0e99f6579b3d4d4995707cf36df9100d67e0c8303a0c55b27b5f99bc5", size = 137658, upload-time = "2025-09-25T21:32:20.209Z" },
    { url = "https://files.pythonhosted.org/packages/86/bf/899e81e4cce32febab4fb42bb97dcdf66bc135272882d1987881a4b519e9/pyyaml-6.0.3-cp312-cp312-win_amd64.whl", hash = "sha256:5fcd34e47f6e0b794d17de1b4ff496c00986e1c83f7ab2fb8fcfe9616ff7477b", size = 154003, upload-time = "2025-09-25T21:32:21.167Z" },
    { url = "https://files.pythonhosted.org/packages/1a/08/67bd04656199bbb51dbed1439b7f27601dfb576fb864099c7ef0c3e55531/pyyaml-6.0.3-cp312-cp312-win_arm64.whl", hash = "sha256:64386e5e707d03a7e172c0701abfb7e10f0fb753ee1d773128192742712a98fd", size = 140344, upload-time = "2025-09-25T21:32:22.617Z" },
    { url = "https://files.pythonhosted.org/packages/d1/11/0fd08f8192109f7169db964b5707a2f1e8b745d4e239b784a5a1dd80d1db/pyyaml-6.0.3-cp313-cp313-macosx_10_13_x86_64.whl", hash = "sha256:8da9669d359f02c0b91ccc01cac4a67f16afec0dac22c2ad09f46bee0697eba8", size = 181669, upload-time = "2025-09-25T21:32:23.673Z" },
    { url = "https://files.pythonhosted.org/packages/b1/16/95309993f1d3748cd644e02e38b75d50cbc0d9561d21f390a76242ce073f/pyyaml-6.0.3-cp313-cp313-macosx_11_0_arm64.whl", hash = "sha256:2283a07e2c21a2aa78d9c4442724ec1eb15f5e42a723b99cb3d822d48f5f7ad1", size = 173252, upload-time = "2025-09-25T21:32:25.149Z" },
    { url = "https://files.pythonhosted.org/packages/50/31/b20f376d3f810b9b2371e72ef5adb33879b25edb7a6d072cb7ca0c486398/pyyaml-6.0.3-cp313-cp313-manylinux2014_aarch64.manylinux_2_17_aarch64.manylinux_2_28_aarch64.whl", hash = "sha256:ee2922902c45ae8ccada2c5b501ab86c36525b883eff4255313a253a3160861c", size = 767081, upload-time = "2025-09-25T21:32:26.575Z" },
    { url = "https://files.pythonhosted.org/packages/49/1e/a55ca81e949270d5d4432fbbd19dfea5321eda7c41a849d443dc92fd1ff7/pyyaml-6.0.3-cp313-cp313-manylinux2014_s390x.manylinux_2_17_s390x.manylinux_2_28_s390x.whl", hash = "sha256:a33284e20b78bd4a18c8c2282d549d10bc8408a2a7ff57653c0cf0b9be0afce5", size = 841159, upload-time = "2025-09-25T21:32:27.727Z" },
    { url = "https://files.pythonhosted.org/packages/74/27/e5b8f34d02d9995b80abcef563ea1f8b56d20134d8f4e5e81733b1feceb2/pyyaml-6.0.3-cp313-cp313-manylinux2014_x86_64.manylinux_2_17_x86_64.manylinux_2_28_x86_64.whl", hash = "sha256:0f29edc409a6392443abf94b9cf89ce99889a1dd5376d94316ae5145dfedd5d6", size = 801626, upload-time = "2025-09-25T21:32:28.878Z" },
    { url = "https://files.pythonhosted.org/packages/f9/11/ba845c23988798f40e52ba45f34849aa8a1f2d4af4b798588010792ebad6/pyyaml-6.0.3-cp313-cp313-musllinux_1_2_aarch64.whl", hash = "sha256:f7057c9a337546edc7973c0d3ba84ddcdf0daa14533c2065749c9075001090e6", size = 753613, upload-time = "2025-09-25T21:32:30.178Z" },
    { url = "https://files.pythonhosted.org/packages/3d/e0/7966e1a7bfc0a45bf0a7fb6b98ea03fc9b8d84fa7f2229e9659680b69ee3/pyyaml-6.0.3-cp313-cp313-musllinux_1_2_x86_64.whl", hash = "sha256:eda16858a3cab07b80edaf74336ece1f986ba330fdb8ee0d6c0d68fe82bc96be", size = 794115, upload-time = "2025-09-25T21:32:31.353Z" },
    { url = "https://files.pythonhosted.org/packages/de/94/980b50a6531b3019e45ddeada0626d45fa85cbe22300844a7983285bed3b/pyyaml-6.0.3-cp313-cp313-win32.whl", hash = "sha256:d0eae10f8159e8fdad514efdc92d74fd8d682c933a6dd088030f3834bc8e6b26", size = 137427, upload-time = "2025-09-25T21:32:32.58Z" },
    { url = "https://files.pythonhosted.org/packages/97/c9/39d5b874e8b28845e4ec2202b5da735d0199dbe5b8fb85f91398814a9a46/pyyaml-6.0.3-cp313-cp313-win_amd64.whl", hash = "sha256:79005a0d97d5ddabfeeea4cf676af11e647e41d81c9a7722a193022accdb6b7c", size = 154090, upload-time = "2025-09-25T21:32:33.659Z" },
    { url = "https://files.pythonhosted.org/packages/73/e8/2bdf3ca2090f68bb3d75b44da7bbc71843b19c9f2b9cb9b0f4ab7a5a4329/pyyaml-6.0.3-cp313-cp313-win_arm64.whl", hash = "sha256:5498cd1645aa724a7c71c8f378eb29ebe23da2fc0d7a08071d89469bf1d2defb", size = 140246, upload-time = "2025-09-25T21:32:34.663Z" },
    { url = "https://files.pythonhosted.org/packages/9d/8c/f4bd7f6465179953d3ac9bc44ac1a8a3e6122cf8ada906b4f96c60172d43/pyyaml-6.0.3-cp314-cp314-macosx_10_13_x86_64.whl", hash = "sha256:8d1fab6bb153a416f9aeb4b8763bc0f22a5586065f86f7664fc23339fc1c1fac", size = 181814, upload-time = "2025-09-25T21:32:35.712Z" },
    { url = "https://files.pythonhosted.org/packages/bd/9c/4d95bb87eb2063d20db7b60faa3840c1b18025517ae857371c4dd55a6b3a/pyyaml-6.0.3-cp314-cp314-macosx_11_0_arm64.whl", hash = "sha256:34d5fcd24b8445fadc33f9cf348c1047101756fd760b4dacb5c3e99755703310", size = 173809, upload-time = "2025-09-25T21:32:36.789Z" },
    { url = "https://files.pythonhosted.org/packages/92/b5/47e807c2623074914e29dabd16cbbdd4bf5e9b2db9f8090fa64411fc5382/pyyaml-6.0.3-cp314-cp314-manylinux2014_aarch64.manylinux_2_17_aarch64.manylinux_2_28_aarch64.whl", hash = "sha256:501a031947e3a9025ed4405a168e6ef5ae3126c59f90ce0cd6f2bfc477be31b7", size = 766454, upload-time = "2025-09-25T21:32:37.966Z" },
    { url = "https://files.pythonhosted.org/packages/02/9e/e5e9b168be58564121efb3de6859c452fccde0ab093d8438905899a3a483/pyyaml-6.0.3-cp314-cp314-manylinux2014_s390x.manylinux_2_17_s390x.manylinux_2_28_s390x.whl", hash = "sha256:b3bc83488de33889877a0f2543ade9f70c67d66d9ebb4ac959502e12de895788", size = 836355, upload-time = "2025-09-25T21:32:39.178Z" },
    { url = "https://files.pythonhosted.org/packages/88/f9/16491d7ed2a919954993e48aa941b200f38040928474c9e85ea9e64222c3/pyyaml-6.0.3-cp314-cp314-manylinux2014_x86_64.manylinux_2_17_x86_64.manylinux_2_28_x86_64.whl", hash = "sha256:c458b6d084f9b935061bc36216e8a69a7e293a2f1e68bf956dcd9e6cbcd143f5", size = 794175, upload-time = "2025-09-25T21:32:40.865Z" },
    { url = "https://files.pythonhosted.org/packages/dd/3f/5989debef34dc6397317802b527dbbafb2b4760878a53d4166579111411e/pyyaml-6.0.3-cp314-cp314-musllinux_1_2_aarch64.whl", hash = "sha256:7c6610def4f163542a622a73fb39f534f8c101d690126992300bf3207eab9764", size = 755228, upload-time = "2025-09-25T21:32:42.084Z" },
    { url = "https://files.pythonhosted.org/packages/d7/ce/af88a49043cd2e265be63d083fc75b27b6ed062f5f9fd6cdc223ad62f03e/pyyaml-6.0.3-cp314-cp314-musllinux_1_2_x86_64.whl", hash = "sha256:5190d403f121660ce8d1d2c1bb2ef1bd05b5f68533fc5c2ea899bd15f4399b35", size = 789194, upload-time = "2025-09-25T21:32:43.362Z" },
    { url = "https://files.pythonhosted.org/packages/23/20/bb6982b26a40bb43951265ba29d4c246ef0ff59c9fdcdf0ed04e0687de4d/pyyaml-6.0.3-cp314-cp314-win_amd64.whl", hash = "sha256:4a2e8cebe2ff6ab7d1050ecd59c25d4c8bd7e6f400f5f82b96557ac0abafd0ac", size = 156429, upload-time = "2025-09-25T21:32:57.844Z" },
    { url = "https://files.pythonhosted.org/packages/f4/f4/a4541072bb9422c8a883ab55255f918fa378ecf083f5b85e87fc2b4eda1b/pyyaml-6.0.3-cp314-cp314-win_arm64.whl", hash = "sha256:93dda82c9c22deb0a405ea4dc5f2d0cda384168e466364dec6255b293923b2f3", size = 143912, upload-time = "2025-09-25T21:32:59.247Z" },
    { url = "https://files.pythonhosted.org/packages/7c/f9/07dd09ae774e4616edf6cda684ee78f97777bdd15847253637a6f052a62f/pyyaml-6.0.3-cp314-cp314t-macosx_10_13_x86_64.whl", hash = "sha256:02893d100e99e03eda1c8fd5c441d8c60103fd175728e23e431db1b589cf5ab3", size = 189108, upload-time = "2025-09-25T21:32:44.377Z" },
    { url = "https://files.pythonhosted.org/packages/4e/78/8d08c9fb7ce09ad8c38ad533c1191cf27f7ae1effe5bb9400a46d9437fcf/pyyaml-6.0.3-cp314-cp314t-macosx_11_0_arm64.whl", hash = "sha256:c1ff362665ae507275af2853520967820d9124984e0f7466736aea23d8611fba", size = 183641, upload-time = "2025-09-25T21:32:45.407Z" },
    { url = "https://files.pythonhosted.org/packages/7b/5b/3babb19104a46945cf816d047db2788bcaf8c94527a805610b0289a01c6b/pyyaml-6.0.3-cp314-cp314t-manylinux2014_aarch64.manylinux_2_17_aarch64.manylinux_2_28_aarch64.whl", hash = "sha256:6adc77889b628398debc7b65c073bcb99c4a0237b248cacaf3fe8a557563ef6c", size = 831901, upload-time = "2025-09-25T21:32:48.83Z" },
    { url = "https://files.pythonhosted.org/packages/8b/cc/dff0684d8dc44da4d22a13f35f073d558c268780ce3c6ba1b87055bb0b87/pyyaml-6.0.3-cp314-cp314t-manylinux2014_s390x.manylinux_2_17_s390x.manylinux_2_28_s390x.whl", hash = "sha256:a80cb027f6b349846a3bf6d73b5e95e782175e52f22108cfa17876aaeff93702", size = 861132, upload-time = "2025-09-25T21:32:50.149Z" },
    { url = "https://files.pythonhosted.org/packages/b1/5e/f77dc6b9036943e285ba76b49e118d9ea929885becb0a29ba8a7c75e29fe/pyyaml-6.0.3-cp314-cp314t-manylinux2014_x86_64.manylinux_2_17_x86_64.manylinux_2_28_x86_64.whl", hash = "sha256:00c4bdeba853cc34e7dd471f16b4114f4162dc03e6b7afcc2128711f0eca823c", size = 839261, upload-time = "2025-09-25T21:32:51.808Z" },
    { url = "https://files.pythonhosted.org/packages/ce/88/a9db1376aa2a228197c58b37302f284b5617f56a5d959fd1763fb1675ce6/pyyaml-6.0.3-cp314-cp314t-musllinux_1_2_aarch64.whl", hash = "sha256:66e1674c3ef6f541c35191caae2d429b967b99e02040f5ba928632d9a7f0f065", size = 805272, upload-time = "2025-09-25T21:32:52.941Z" },
    { url = "https://files.pythonhosted.org/packages/da/92/1446574745d74df0c92e6aa4a7b0b3130706a4142b2d1a5869f2eaa423c6/pyyaml-6.0.3-cp314-cp314t-musllinux_1_2_x86_64.whl", hash = "sha256:16249ee61e95f858e83976573de0f5b2893b3677ba71c9dd36b9cf8be9ac6d65", size = 829923, upload-time = "2025-09-25T21:32:54.537Z" },
    { url = "https://files.pythonhosted.org/packages/f0/7a/1c7270340330e575b92f397352af856a8c06f230aa3e76f86b39d01b416a/pyyaml-6.0.3-cp314-cp314t-win_amd64.whl", hash = "sha256:4ad1906908f2f5ae4e5a8ddfce73c320c2a1429ec52eafd27138b7f1cbe341c9", size = 174062, upload-time = "2025-09-25T21:32:55.767Z" },
    { url = "https://files.pythonhosted.org/packages/f1/12/de94a39c2ef588c7e6455cfbe7343d3b2dc9d6b6b2f40c4c6565744c873d/pyyaml-6.0.3-cp314-cp314t-win_arm64.whl", hash = "sha256:ebc55a14a21cb14062aa4162f906cd962b28e2e9ea38f9b4391244cd8de4ae0b", size = 149341, upload-time = "2025-09-25T21:32:56.828Z" },
]

[[package]]
name = "tomlkit"
version = "0.15.1"
source = { registry = "https://pypi.org/simple" }
sdist = { url = "https://files.pythonhosted.org/packages/94/96/e07752635b98536177fa1f37671c8f3cdde2e724c6bcf6034b2cfb571565/tomlkit-0.15.1.tar.gz", hash = "sha256:e25bbf38843005246210a12982776f27f99cb9be67160e14434d0c0d21ee1e97", size = 180129, upload-time = "2026-07-17T01:48:04.562Z" }
wheels = [
    { url = "https://files.pythonhosted.org/packages/13/bc/8c13eb66537dce1d2bd3a57132902f38d0e7f5bb46fa9f4daed9fe9d76ee/tomlkit-0.15.1-py3-none-any.whl", hash = "sha256:177a05aece5a8ca5266fd3c448abb47b8d352f09d477d3ca8332db4d89b24304", size = 49449, upload-time = "2026-07-17T01:48:05.728Z" },
]

[[package]]
name = "ty"
version = "0.0.86"
source = { registry = "https://pypi.org/simple" }
sdist = { url = "https://files.pythonhosted.org/packages/f1/fa/9b35728cc3c04d64f434c656836fa3c5f6e384a7813e48e63245510d5c69/ty-0.0.86.tar.gz", hash = "sha256:6edcaf52e207d653873d5f495c1a8470075b232030714c981f07f0a1075bc343", size = 7911723, upload-time = "2026-10-09T22:20:57.83Z" }
wheels = [
    { url = "https://files.pythonhosted.org/packages/95/27/dd422283667ce10d60af57edc3ccab078084282ee304a5c22b5ed79390c6/ty-0.0.86-py3-none-linux_armv6l.whl", hash = "sha256:305c238df5dedf97f1b65e52d2c446a41d11551291e37054858c00c5627bf15b", size = 14159390, upload-time = "2026-10-09T22:20:17.583Z" },
    { url = "https://files.pythonhosted.org/packages/57/e3/838ea547c177983976103d3a54b346afc22d0ff97943ab58c7b7aff1f753/ty-0.0.86-py3-none-macosx_10_12_x86_64.whl", hash = "sha256:27a8a7cf26a1cd17d93586eb20aadbcc535fa6ad4b535813ee8fc52560c31efd", size = 13684426, upload-time = "2026-10-09T22:20:19.939Z" },
    { url = "https://files.pythonhosted.org/packages/bc/62/dfde84ffab702545f866350675b16f8df6555d3c41123c25e7a509fe857e/ty-0.0.86-py3-none-macosx_11_0_arm64.whl", hash = "sha256:40e5fc602af41b0ea89dd1d19fe8da7e75322e6e0db95ea23340a858b409ac2b", size = 12845457, upload-time = "2026-10-09T22:20:21.979Z" },
    { url = "https://files.pythonhosted.org/packages/47/b2/7e0e7ffc8b3961f5f74893ba9b98433b922d3f1ae6621d1e3e3e20663e1d/ty-0.0.86-py3-none-manylinux_2_17_aarch64.manylinux2014_aarch64.whl", hash = "sha256:c4b525ce4feb60aa2dd6becae4c470daea889149ba9dc7699ffbcf41448f69a9", size = 13656310, upload-time = "2026-10-09T22:20:24.544Z" },
    { url = "https://files.pythonhosted.org/packages/e7/c8/977594e024d154f0e064b48a6f7e39a0e1e55a524349dba22146f01e02db/ty-0.0.86-py3-none-manylinux_2_17_armv7l.manylinux2014_armv7l.whl", hash = "sha256:a000ddcc0b99bd1ab8c8277630711061a36ae83395780fdb935bad540ebe7103", size = 13887036, upload-time = "2026-10-09T22:20:26.844Z" },
    { url = "https://files.pythonhosted.org/packages/3a/75/67e8e7bf89a6be7535768380cb20569b460b89cb09d5c82ce27411782786/ty-0.0.86-py3-none-manylinux_2_17_i686.manylinux2014_i686.whl", hash = "sha256:ea3848f3cab206e9798e5a9f7c4ce8a80297b0a88ba9aa8a091360a298e97424", size = 14805103, upload-time = "2026-10-09T22:20:29.274Z" },
    { url = "https://files.pythonhosted.org/packages/a1/14/a7f3b88cc76156feaf5d48601bd5da96a116f846ad0abc526df03a735bcc/ty-0.0.86-py3-none-manylinux_2_17_ppc64le.manylinux2014_ppc64le.whl", hash = "sha256:087bad6ae8fa7248a16c01f5646c121dccaacbaf320ff544eed4e8c5c1fd7555", size = 15203931, upload-time = "2026-10-09T22:20:31.736Z" },
    { url = "https://files.pythonhosted.org/packages/a7/23/42f6ad5d4bb7091d70a0e96d7d436d6bc9a490210a928727dde5d883ed26/ty-0.0.86-py3-none-manylinux_2_17_s390x.manylinux2014_s390x.whl", hash = "sha256:fe7f2721746c9ee64626c69da9245faedc0f375024bf41458e45eb7b28fe5f63", size = 15094434, upload-time = "2026-10-09T22:20:34.269Z" },
    { url = "https://files.pythonhosted.org/packages/d1/b8/211781d3c8de5fa88437412b7a8c0d7a632596033cff51d5004b08e94e1c/ty-0.0.86-py3-none-manylinux_2_17_x86_64.manylinux2014_x86_64.whl", hash = "sha256:a5c18501c54874149d05e5199211146876afeaeee2af234042e56dccc9d5812a", size = 14436812, upload-time = "2026-10-09T22:20:36.795Z" },
    { url = "https://files.pythonhosted.org/packages/b2/2a/518cc7ef2586384345be675d470e0087591810304b5d994d0a2194c7d68e/ty-0.0.86-py3-none-manylinux_2_31_riscv64.whl", hash = "sha256:0a48967c8adba6b12035243f225a0585b0bc5f0bf940a4829876bc455ebf3d2f", size = 14671116, upload-time = "2026-10-09T22:20:39.277Z" },
    { url = "https://files.pythonhosted.org/packages/7a/18/a820553ad3206d0cdfad5866dd64939c7e3be73e891d88c73f7fd3acb5d6/ty-0.0.86-py3-none-musllinux_1_2_aarch64.whl", hash = "sha256:561a4eae98f6ff05395e8d7be8151fdb328eeaead1ac63dc721ca891623f7924", size = 13586361, upload-time = "2026-10-09T22:20:41.444Z" },
    { url = "https://files.pythonhosted.org/packages/22/58/f1700176e6ae4d0a3d25e447734c60ca464d6e76ed2e8a32920ebd41e523/ty-0.0.86-py3-none-musllinux_1_2_armv7l.whl", hash = "sha256:ccad053ce880a1f8c0850d9dd1f277f3ee559a98bded3f93472268376ceccc2d", size = 13900289, upload-time = "2026-10-09T22:20:43.955Z" },
    { url = "https://files.pythonhosted.org/packages/59/86/2f0e3c9a055f8606911a80311763a089784b66af22dd80fd3290e3b167c6/ty-0.0.86-py3-none-musllinux_1_2_i686.whl", hash = "sha256:7c16d22857bad1da56b147bf53ef0ed2252d7677dc5e7ee51c757b2e52ab6351", size = 14235785, upload-time = "2026-10-09T22:20:46.401Z" },
    { url = "https://files.pythonhosted.org/packages/b4/1d/72fa2347b641143b0440296144a65f424fe047302cb13af059988f1de7a4/ty-0.0.86-py3-none-musllinux_1_2_x86_64.whl", hash = "sha256:d863f8f190e96878ed1900a8a6d5093f37761c0c47409e2bdb3d9370e37471e1", size = 14559840, upload-time = "2026-10-09T22:20:48.753Z" },
    { url = "https://files.pythonhosted.org/packages/47/4a/a798be4aee4ea0bb427c22f157945d0ac41310f4d6e058b3758dfb859451/ty-0.0.86-py3-none-win32.whl", hash = "sha256:1ac3d8fe9efae04fbf1407583ed4118e0364a45b49a020d62b202846695a2ba1", size = 13133227, upload-time = "2026-10-09T22:20:51.034Z" },
    { url = "https://files.pythonhosted.org/packages/c7/a0/c9d585fa1c5bf4ed2727f576f1542bc13e268f036451a79d057c249fc26f/ty-0.0.86-py3-none-win_amd64.whl", hash = "sha256:6fe4116fb1a7ad3c4f7804d9241dc81187717fbd9f5fed5b50e2752a20e17a67", size = 13665391, upload-time = "2026-10-09T22:20:53.237Z" },
    { url = "https://files.pythonhosted.org/packages/2a/7e/d9811358bce1e54ac1b93bd44f4c45eba5e2e92672c5410248776c54319e/ty-0.0.86-py3-none-win_arm64.whl", hash = "sha256:0df36f494c5d07f68ebec3edb74fc719c4c959db7061c2018f1dff2dfe62150b", size = 13237981, upload-time = "2026-10-09T22:20:55.586Z" },
]

[[package]]
name = "yapf"
version = "0.43.0"
source = { registry = "https://pypi.org/simple" }
dependencies = [
    { name = "platformdirs" },
]
sdist = { url = "https://files.pythonhosted.org/packages/23/97/b6f296d1e9cc1ec25c7604178b48532fa5901f721bcf1b8d8148b13e5588/yapf-0.43.0.tar.gz", hash = "sha256:00d3aa24bfedff9420b2e0d5d9f5ab6d9d4268e72afbf59bb3fa542781d5218e", size = 254907, upload-time = "2024-11-14T00:11:41.584Z" }
wheels = [
    { url = "https://files.pythonhosted.org/packages/37/81/6acd6601f61e31cfb8729d3da6d5df966f80f374b78eff83760714487338/yapf-0.43.0-py3-none-any.whl", hash = "sha256:224faffbc39c428cb095818cf6ef5511fdab6f7430a10783fdfb292ccf2852ca", size = 256158, upload-time = "2024-11-14T00:11:39.37Z" },
]
